{
  "name": "@is-(unknown)/is-bigint",
  "version": "1.0.0",
  "lockfileVersion": 3,
  "requires": true,
  "packages": {
    "": {
      "name": "@is-(unknown)/is-bigint",
      "version": "1.0.0",
      "license": "Unlicense",
      "dependencies": {
        "@extremejs/utils": "^1.0.0-beta.22",
        "has-bigints": "^1.1.0"
      }
    },
    "node_modules/@extremejs/utils": {
      "version": "1.0.0-beta.22",
      "resolved": "https://registry.npmjs.org/@extremejs/utils/-/utils-1.0.0-beta.22.tgz",
      "integrity": "sha512-0R2vaDkNv8jE4CP+u4BTOIo6dh+NDDXdk2lWTfwr3kPCL9lilFech4SywliFuhgS3U7ullosSuoMXiQJN2vIMw==",
      "license": "MIT",
      "engines": {
        "node": ">= 18.12.0"
      }
    },
    "node_modules/has-bigints": {
      "version": "1.1.0",
      "resolved": "https://registry.npmjs.org/has-bigints/-/has-bigints-1.1.0.tgz",
      "integrity": "sha512-R3pbpkcIqv2Pm3dUwgjclDRVmWpTJW2DcMzcIhEXEx1oh/CEMObMm3KLmRJOdvhM7o4uQBnwr8pzRK2sJWIqfg==",
      "license": "MIT",
      "engines": {
        "node": ">= 0.4"
      },
      "funding": {
        "url": "https://github.com/sponsors/ljharb"
      }
    }
  }
}
